Microsoft Visual Studio Solution File, Format Version 12.00
# Visual Studio Version 17
VisualStudioVersion = 17.6.33723.286
MinimumVisualStudioVersion = 10.0.40219.1
Project("{9A19103F-16F7-4668-BE54-9A1E7A4F7556}") = "ServiceBusApp.Data", "ServiceBusApp.Data\ServiceBusApp.Data.csproj", "{F453A541-E27D-4245-922B-318FB8FE891A}"
EndProject
Project("{9A19103F-16F7-4668-BE54-9A1E7A4F7556}") = "ServiceBusApp.Models", "ServiceBusApp.Models\ServiceBusApp.Models.csproj", "{1B0B2AA3-D2FD-4E89-87EF-A882392B4AB4}"
EndProject
Project("{9A19103F-16F7-4668-BE54-9A1E7A4F7556}") = "ServiceBusApp.Presentation", "ServiceBusApp.Presentation\ServiceBusApp.Presentation.csproj", "{00E6DF2D-4335-4F9B-9E49-038BE9726807}"
EndProject
Global
	GlobalSection(SolutionConfigurationPlatforms) = preSolution
		Debug|Any CPU = Debug|Any CPU
		Release|Any CPU = Release|Any CPU
	EndGlobalSection
	GlobalSection(ProjectConfigurationPlatforms) = postSolution
		{F453A541-E27D-4245-922B-318FB8FE891A}.Debug|Any CPU.ActiveCfg = Debug|Any CPU
		{F453A541-E27D-4245-922B-318FB8FE891A}.Debug|Any CPU.Build.0 = Debug|Any CPU
		{F453A541-E27D-4245-922B-318FB8FE891A}.Release|Any CPU.ActiveCfg = Release|Any CPU
		{F453A541-E27D-4245-922B-318FB8FE891A}.Release|Any CPU.Build.0 = Release|Any CPU
		{1B0B2AA3-D2FD-4E89-87EF-A882392B4AB4}.Debug|Any CPU.ActiveCfg = Debug|Any CPU
		{1B0B2AA3-D2FD-4E89-87EF-A882392B4AB4}.Debug|Any CPU.Build.0 = Debug|Any CPU
		{1B0B2AA3-D2FD-4E89-87EF-A882392B4AB4}.Release|Any CPU.ActiveCfg = Release|Any CPU
		{1B0B2AA3-D2FD-4E89-87EF-A882392B4AB4}.Release|Any CPU.Build.0 = Release|Any CPU
		{00E6DF2D-4335-4F9B-9E49-038BE9726807}.Debug|Any CPU.ActiveCfg = Debug|Any CPU
		{00E6DF2D-4335-4F9B-9E49-038BE9726807}.Debug|Any CPU.Build.0 = Debug|Any CPU
		{00E6DF2D-4335-4F9B-9E49-038BE9726807}.Release|Any CPU.ActiveCfg = Release|Any CPU
		{00E6DF2D-4335-4F9B-9E49-038BE9726807}.Release|Any CPU.Build.0 = Release|Any CPU
	EndGlobalSection
	GlobalSection(SolutionProperties) = preSolution
		HideSolutionNode = FALSE
	EndGlobalSection
	GlobalSection(ExtensibilityGlobals) = postSolution
		SolutionGuid = {FDFB1743-A20D-497D-B0CB-B547AC5671EE}
	EndGlobalSection
EndGlobal